
Microsoft Visual Studio Solution File, Format Version 12.00
# Visual Studio 15
VisualStudioVersion = 15.0.28307.852
MinimumVisualStudioVersion = 10.0.40219.1
Project("{FAE04EC0-301F-11D3-BF4B-00C04F79EFBC}") = "QuickSort", "QuickSort\QuickSort.csproj", "{F8C523E9-85E9-49A1-AC66-B020EB2CD1A1}"
EndProject
Project("{FAE04EC0-301F-11D3-BF4B-00C04F79EFBC}") = "QuickSortTest", "QuickSortTest\QuickSortTest.csproj", "{D92A7203-88A0-4EF9-A4E5-F5B85EB80D9C}"
EndProject
Project("{FAE04EC0-301F-11D3-BF4B-00C04F79EFBC}") = "Anagram", "Anagram\Anagram.csproj", "{331935B9-CDDF-483E-992B-2C198DC35465}"
EndProject
Project("{FAE04EC0-301F-11D3-BF4B-00C04F79EFBC}") = "AnagramTest", "AnagramTest\AnagramTest.csproj", "{D86CEACE-416D-4C13-A468-E1EEF62C3192}"
EndProject
Project("{FAE04EC0-301F-11D3-BF4B-00C04F79EFBC}") = "PalindromeProject", "PalindromeProject\PalindromeProject.csproj", "{2D3B5D67-7829-4450-AA71-DDC3C849F3A4}"
EndProject
Project("{FAE04EC0-301F-11D3-BF4B-00C04F79EFBC}") = "PalindromeTest", "PalindromeTest\PalindromeTest.csproj", "{3851B942-07C1-470E-97D0-1DA8E0B35877}"
EndProject
Global
	GlobalSection(SolutionConfigurationPlatforms) = preSolution
		Debug|Any CPU = Debug|Any CPU
		Release|Any CPU = Release|Any CPU
	EndGlobalSection
	GlobalSection(ProjectConfigurationPlatforms) = postSolution
		{F8C523E9-85E9-49A1-AC66-B020EB2CD1A1}.Debug|Any CPU.ActiveCfg = Debug|Any CPU
		{F8C523E9-85E9-49A1-AC66-B020EB2CD1A1}.Debug|Any CPU.Build.0 = Debug|Any CPU
		{F8C523E9-85E9-49A1-AC66-B020EB2CD1A1}.Release|Any CPU.ActiveCfg = Release|Any CPU
		{F8C523E9-85E9-49A1-AC66-B020EB2CD1A1}.Release|Any CPU.Build.0 = Release|Any CPU
		{D92A7203-88A0-4EF9-A4E5-F5B85EB80D9C}.Debug|Any CPU.ActiveCfg = Debug|Any CPU
		{D92A7203-88A0-4EF9-A4E5-F5B85EB80D9C}.Debug|Any CPU.Build.0 = Debug|Any CPU
		{D92A7203-88A0-4EF9-A4E5-F5B85EB80D9C}.Release|Any CPU.ActiveCfg = Release|Any CPU
		{D92A7203-88A0-4EF9-A4E5-F5B85EB80D9C}.Release|Any CPU.Build.0 = Release|Any CPU
		{331935B9-CDDF-483E-992B-2C198DC35465}.Debug|Any CPU.ActiveCfg = Debug|Any CPU
		{331935B9-CDDF-483E-992B-2C198DC35465}.Debug|Any CPU.Build.0 = Debug|Any CPU
		{331935B9-CDDF-483E-992B-2C198DC35465}.Release|Any CPU.ActiveCfg = Release|Any CPU
		{331935B9-CDDF-483E-992B-2C198DC35465}.Release|Any CPU.Build.0 = Release|Any CPU
		{D86CEACE-416D-4C13-A468-E1EEF62C3192}.Debug|Any CPU.ActiveCfg = Debug|Any CPU
		{D86CEACE-416D-4C13-A468-E1EEF62C3192}.Debug|Any CPU.Build.0 = Debug|Any CPU
		{D86CEACE-416D-4C13-A468-E1EEF62C3192}.Release|Any CPU.ActiveCfg = Release|Any CPU
		{D86CEACE-416D-4C13-A468-E1EEF62C3192}.Release|Any CPU.Build.0 = Release|Any CPU
		{2D3B5D67-7829-4450-AA71-DDC3C849F3A4}.Debug|Any CPU.ActiveCfg = Debug|Any CPU
		{2D3B5D67-7829-4450-AA71-DDC3C849F3A4}.Debug|Any CPU.Build.0 = Debug|Any CPU
		{2D3B5D67-7829-4450-AA71-DDC3C849F3A4}.Release|Any CPU.ActiveCfg = Release|Any CPU
		{2D3B5D67-7829-4450-AA71-DDC3C849F3A4}.Release|Any CPU.Build.0 = Release|Any CPU
		{3851B942-07C1-470E-97D0-1DA8E0B35877}.Debug|Any CPU.ActiveCfg = Debug|Any CPU
		{3851B942-07C1-470E-97D0-1DA8E0B35877}.Debug|Any CPU.Build.0 = Debug|Any CPU
		{3851B942-07C1-470E-97D0-1DA8E0B35877}.Release|Any CPU.ActiveCfg = Release|Any CPU
		{3851B942-07C1-470E-97D0-1DA8E0B35877}.Release|Any CPU.Build.0 = Release|Any CPU
	EndGlobalSection
	GlobalSection(SolutionProperties) = preSolution
		HideSolutionNode = FALSE
	EndGlobalSection
	GlobalSection(ExtensibilityGlobals) = postSolution
		SolutionGuid = {C01BE789-F999-486B-BD8E-650B4C484C6B}
	EndGlobalSection
EndGlobal
